
Microsoft Visual Studio Solution File, Format Version 12.00
# Visual Studio Version 17
VisualStudioVersion = 17.1.32421.90
MinimumVisualStudioVersion = 10.0.40219.1
Project("{9A19103F-16F7-4668-BE54-9A1E7A4F7556}") = "Game.minesweeper", "Game.minesweeper\Game.minesweeper.csproj", "{D56F8308-EAC7-4C01-A088-6715E7A43BA7}"
EndProject
Project("{9A19103F-16F7-4668-BE54-9A1E7A4F7556}") = "Game.App", "Game.App\Game.App.csproj", "{D7E32401-A58C-4F6B-B583-4C653FCB37D0}"
EndProject
Project("{9A19103F-16F7-4668-BE54-9A1E7A4F7556}") = "Game.sudoku", "Game.sudoku\Game.sudoku.csproj", "{5A6CD2F2-A2D4-480A-8E1B-BC89EE84C9D7}"
EndProject
Project("{9A19103F-16F7-4668-BE54-9A1E7A4F7556}") = "Game.Api", "Game.Api\Game.Api.csproj", "{B480DA3B-0BFC-4B11-BB39-C34D67905B6A}"
EndProject
Project("{FAE04EC0-301F-11D3-BF4B-00C04F79EFBC}") = "Game.WordGame.Share", "Game.WordGame.Share\Game.WordGame.Share.csproj", "{AABCCA34-8D8B-4C0D-89C3-148EEF56A894}"
EndProject
Project("{9A19103F-16F7-4668-BE54-9A1E7A4F7556}") = "Game.WordGame", "Game.WordGame\Game.WordGame.csproj", "{3FD6C767-96A3-4D4D-8970-50AA02E217A7}"
EndProject
Global
	GlobalSection(SolutionConfigurationPlatforms) = preSolution
		Debug|Any CPU = Debug|Any CPU
		Release|Any CPU = Release|Any CPU
	EndGlobalSection
	GlobalSection(ProjectConfigurationPlatforms) = postSolution
		{D56F8308-EAC7-4C01-A088-6715E7A43BA7}.Debug|Any CPU.ActiveCfg = Debug|Any CPU
		{D56F8308-EAC7-4C01-A088-6715E7A43BA7}.Debug|Any CPU.Build.0 = Debug|Any CPU
		{D56F8308-EAC7-4C01-A088-6715E7A43BA7}.Release|Any CPU.ActiveCfg = Release|Any CPU
		{D56F8308-EAC7-4C01-A088-6715E7A43BA7}.Release|Any CPU.Build.0 = Release|Any CPU
		{D7E32401-A58C-4F6B-B583-4C653FCB37D0}.Debug|Any CPU.ActiveCfg = Debug|Any CPU
		{D7E32401-A58C-4F6B-B583-4C653FCB37D0}.Debug|Any CPU.Build.0 = Debug|Any CPU
		{D7E32401-A58C-4F6B-B583-4C653FCB37D0}.Release|Any CPU.ActiveCfg = Release|Any CPU
		{D7E32401-A58C-4F6B-B583-4C653FCB37D0}.Release|Any CPU.Build.0 = Release|Any CPU
		{5A6CD2F2-A2D4-480A-8E1B-BC89EE84C9D7}.Debug|Any CPU.ActiveCfg = Debug|Any CPU
		{5A6CD2F2-A2D4-480A-8E1B-BC89EE84C9D7}.Debug|Any CPU.Build.0 = Debug|Any CPU
		{5A6CD2F2-A2D4-480A-8E1B-BC89EE84C9D7}.Release|Any CPU.ActiveCfg = Release|Any CPU
		{5A6CD2F2-A2D4-480A-8E1B-BC89EE84C9D7}.Release|Any CPU.Build.0 = Release|Any CPU
		{B480DA3B-0BFC-4B11-BB39-C34D67905B6A}.Debug|Any CPU.ActiveCfg = Debug|Any CPU
		{B480DA3B-0BFC-4B11-BB39-C34D67905B6A}.Debug|Any CPU.Build.0 = Debug|Any CPU
		{B480DA3B-0BFC-4B11-BB39-C34D67905B6A}.Release|Any CPU.ActiveCfg = Release|Any CPU
		{B480DA3B-0BFC-4B11-BB39-C34D67905B6A}.Release|Any CPU.Build.0 = Release|Any CPU
		{AABCCA34-8D8B-4C0D-89C3-148EEF56A894}.Debug|Any CPU.ActiveCfg = Debug|Any CPU
		{AABCCA34-8D8B-4C0D-89C3-148EEF56A894}.Debug|Any CPU.Build.0 = Debug|Any CPU
		{AABCCA34-8D8B-4C0D-89C3-148EEF56A894}.Release|Any CPU.ActiveCfg = Release|Any CPU
		{AABCCA34-8D8B-4C0D-89C3-148EEF56A894}.Release|Any CPU.Build.0 = Release|Any CPU
		{3FD6C767-96A3-4D4D-8970-50AA02E217A7}.Debug|Any CPU.ActiveCfg = Debug|Any CPU
		{3FD6C767-96A3-4D4D-8970-50AA02E217A7}.Debug|Any CPU.Build.0 = Debug|Any CPU
		{3FD6C767-96A3-4D4D-8970-50AA02E217A7}.Release|Any CPU.ActiveCfg = Release|Any CPU
		{3FD6C767-96A3-4D4D-8970-50AA02E217A7}.Release|Any CPU.Build.0 = Release|Any CPU
	EndGlobalSection
	GlobalSection(SolutionProperties) = preSolution
		HideSolutionNode = FALSE
	EndGlobalSection
	GlobalSection(ExtensibilityGlobals) = postSolution
		SolutionGuid = {89E55258-223A-420D-AB4D-2BB276BDE20B}
	EndGlobalSection
EndGlobal
